
Microsoft Visual Studio Solution File, Format Version 12.00
Project("{FAE04EC0-301F-11D3-BF4B-00C04F79EFBC}") = "Application", "Application\Application.csproj", "{EF00F300-8758-4CA2-8749-B9DC87A5FD74}"
EndProject
Project("{FAE04EC0-301F-11D3-BF4B-00C04F79EFBC}") = "Infrastructure", "Infrastructure\Infrastructure.csproj", "{3A3D8474-B853-4D02-AD08-155DE5D043DF}"
EndProject
Project("{FAE04EC0-301F-11D3-BF4B-00C04F79EFBC}") = "SizzlingHotProductsApi", "SizzlingHotProductsApi\SizzlingHotProductsApi.csproj", "{50047881-9173-4AFC-B6EE-2C994DA5FEE8}"
EndProject
Project("{FAE04EC0-301F-11D3-BF4B-00C04F79EFBC}") = "SizzlingHotProducts.Tests", "SizzlingHotProducts.Tests\SizzlingHotProducts.Tests.csproj", "{ED23C1AB-74D8-41E1-8606-98DE15A46918}"
EndProject
Global
	GlobalSection(SolutionConfigurationPlatforms) = preSolution
		Debug|Any CPU = Debug|Any CPU
		Release|Any CPU = Release|Any CPU
	EndGlobalSection
	GlobalSection(ProjectConfigurationPlatforms) = postSolution
		{EF00F300-8758-4CA2-8749-B9DC87A5FD74}.Debug|Any CPU.ActiveCfg = Debug|Any CPU
		{EF00F300-8758-4CA2-8749-B9DC87A5FD74}.Debug|Any CPU.Build.0 = Debug|Any CPU
		{EF00F300-8758-4CA2-8749-B9DC87A5FD74}.Release|Any CPU.ActiveCfg = Release|Any CPU
		{EF00F300-8758-4CA2-8749-B9DC87A5FD74}.Release|Any CPU.Build.0 = Release|Any CPU
		{3A3D8474-B853-4D02-AD08-155DE5D043DF}.Debug|Any CPU.ActiveCfg = Debug|Any CPU
		{3A3D8474-B853-4D02-AD08-155DE5D043DF}.Debug|Any CPU.Build.0 = Debug|Any CPU
		{3A3D8474-B853-4D02-AD08-155DE5D043DF}.Release|Any CPU.ActiveCfg = Release|Any CPU
		{3A3D8474-B853-4D02-AD08-155DE5D043DF}.Release|Any CPU.Build.0 = Release|Any CPU
		{50047881-9173-4AFC-B6EE-2C994DA5FEE8}.Debug|Any CPU.ActiveCfg = Debug|Any CPU
		{50047881-9173-4AFC-B6EE-2C994DA5FEE8}.Debug|Any CPU.Build.0 = Debug|Any CPU
		{50047881-9173-4AFC-B6EE-2C994DA5FEE8}.Release|Any CPU.ActiveCfg = Release|Any CPU
		{50047881-9173-4AFC-B6EE-2C994DA5FEE8}.Release|Any CPU.Build.0 = Release|Any CPU
		{ED23C1AB-74D8-41E1-8606-98DE15A46918}.Debug|Any CPU.ActiveCfg = Debug|Any CPU
		{ED23C1AB-74D8-41E1-8606-98DE15A46918}.Debug|Any CPU.Build.0 = Debug|Any CPU
		{ED23C1AB-74D8-41E1-8606-98DE15A46918}.Release|Any CPU.ActiveCfg = Release|Any CPU
		{ED23C1AB-74D8-41E1-8606-98DE15A46918}.Release|Any CPU.Build.0 = Release|Any CPU
	EndGlobalSection
EndGlobal
