
Microsoft Visual Studio Solution File, Format Version 12.00
Project("{FAE04EC0-301F-11D3-BF4B-00C04F79EFBC}") = "Application", "Application\Application.csproj", "{EF00F300-8758-4CA2-8749-B9DC87A5FD74}"
EndProject
Global
	GlobalSection(SolutionConfigurationPlatforms) = preSolution
		Debug|Any CPU = Debug|Any CPU
		Release|Any CPU = Release|Any CPU
	EndGlobalSection
	GlobalSection(ProjectConfigurationPlatforms) = postSolution
		{EF00F300-8758-4CA2-8749-B9DC87A5FD74}.Debug|Any CPU.ActiveCfg = Debug|Any CPU
		{EF00F300-8758-4CA2-8749-B9DC87A5FD74}.Debug|Any CPU.Build.0 = Debug|Any CPU
		{EF00F300-8758-4CA2-8749-B9DC87A5FD74}.Release|Any CPU.ActiveCfg = Release|Any CPU
		{EF00F300-8758-4CA2-8749-B9DC87A5FD74}.Release|Any CPU.Build.0 = Release|Any CPU
	EndGlobalSection
EndGlobal
